dependencies:
- name: microservice-chart
  repository: https://pagopa.github.io/aks-microservice-chart-blueprint
  version: 3.0.0
- name: microservice-chart
  repository: https://pagopa.github.io/aks-microservice-chart-blueprint
  version: 3.0.0
digest: sha256:1ed04a22a3da80e83f9cbdf338a73f85cef0576ae8773974fa0818631d9cee16
generated: "2024-10-02T17:45:07.32748+02:00"
